
Microsoft Visual Studio Solution File, Format Version 12.00
# Visual Studio Version 17
VisualStudioVersion = 17.10.35027.167
MinimumVisualStudioVersion = 10.0.40219.1
Project("{2150E333-8FDC-42A3-9474-1A3956D46DE8}") = "src", "src", "{289E4B6B-5941-4451-B476-D03B25864066}"
EndProject
Project("{2150E333-8FDC-42A3-9474-1A3956D46DE8}") = "adapters", "adapters", "{4A1BC87B-428A-4965-A596-64F63C916B7C}"
EndProject
Project("{2150E333-8FDC-42A3-9474-1A3956D46DE8}") = "primary", "primary", "{4C722664-C112-4D2A-9558-FFA9CDE0456D}"
EndProject
Project("{2150E333-8FDC-42A3-9474-1A3956D46DE8}") = "secondary", "secondary", "{2412EE18-2630-4A0A-A3AE-A1E5DBBC84A2}"
EndProject
Project("{2150E333-8FDC-42A3-9474-1A3956D46DE8}") = "core", "core", "{E5FA2837-5522-4978-B8F6-6E8A6B65F104}"
EndProject
Project("{9A19103F-16F7-4668-BE54-9A1E7A4F7556}") = "BlogApp.Application", "src\core\BlogApp.Application\BlogApp.Application.csproj", "{78DD786D-EDB7-4291-AD4C-708B197F1979}"
EndProject
Project("{9A19103F-16F7-4668-BE54-9A1E7A4F7556}") = "BlogApp.Domain", "src\core\BlogApp.Domain\BlogApp.Domain.csproj", "{55769E59-6BD1-454D-B319-9976698A2916}"
EndProject
Project("{9A19103F-16F7-4668-BE54-9A1E7A4F7556}") = "BlogApp.API", "src\adapters\primary\BlogApp.API\BlogApp.API.csproj", "{96B52B1E-DE13-4744-8FB8-33A6BE74A0D0}"
EndProject
Project("{9A19103F-16F7-4668-BE54-9A1E7A4F7556}") = "BlogApp.Infra.Data", "src\adapters\secondary\BlogApp.Infra.Data\BlogApp.Infra.Data.csproj", "{48482EC4-1DEB-47BC-9731-7AB57FD034B2}"
EndProject
Project("{2150E333-8FDC-42A3-9474-1A3956D46DE8}") = "tests", "tests", "{1C69F38E-9929-4615-B023-74F33EC1679B}"
EndProject
Project("{FAE04EC0-301F-11D3-BF4B-00C04F79EFBC}") = "BlogApp.Tests", "tests\BlogApp.Tests\BlogApp.Tests.csproj", "{859AA49D-171C-4563-B204-0A0D148977C7}"
EndProject
Global
	GlobalSection(SolutionConfigurationPlatforms) = preSolution
		Debug|Any CPU = Debug|Any CPU
		Release|Any CPU = Release|Any CPU
	EndGlobalSection
	GlobalSection(ProjectConfigurationPlatforms) = postSolution
		{78DD786D-EDB7-4291-AD4C-708B197F1979}.Debug|Any CPU.ActiveCfg = Debug|Any CPU
		{78DD786D-EDB7-4291-AD4C-708B197F1979}.Debug|Any CPU.Build.0 = Debug|Any CPU
		{78DD786D-EDB7-4291-AD4C-708B197F1979}.Release|Any CPU.ActiveCfg = Release|Any CPU
		{78DD786D-EDB7-4291-AD4C-708B197F1979}.Release|Any CPU.Build.0 = Release|Any CPU
		{55769E59-6BD1-454D-B319-9976698A2916}.Debug|Any CPU.ActiveCfg = Debug|Any CPU
		{55769E59-6BD1-454D-B319-9976698A2916}.Debug|Any CPU.Build.0 = Debug|Any CPU
		{55769E59-6BD1-454D-B319-9976698A2916}.Release|Any CPU.ActiveCfg = Release|Any CPU
		{55769E59-6BD1-454D-B319-9976698A2916}.Release|Any CPU.Build.0 = Release|Any CPU
		{96B52B1E-DE13-4744-8FB8-33A6BE74A0D0}.Debug|Any CPU.ActiveCfg = Debug|Any CPU
		{96B52B1E-DE13-4744-8FB8-33A6BE74A0D0}.Debug|Any CPU.Build.0 = Debug|Any CPU
		{96B52B1E-DE13-4744-8FB8-33A6BE74A0D0}.Release|Any CPU.ActiveCfg = Release|Any CPU
		{96B52B1E-DE13-4744-8FB8-33A6BE74A0D0}.Release|Any CPU.Build.0 = Release|Any CPU
		{48482EC4-1DEB-47BC-9731-7AB57FD034B2}.Debug|Any CPU.ActiveCfg = Debug|Any CPU
		{48482EC4-1DEB-47BC-9731-7AB57FD034B2}.Debug|Any CPU.Build.0 = Debug|Any CPU
		{48482EC4-1DEB-47BC-9731-7AB57FD034B2}.Release|Any CPU.ActiveCfg = Release|Any CPU
		{48482EC4-1DEB-47BC-9731-7AB57FD034B2}.Release|Any CPU.Build.0 = Release|Any CPU
		{859AA49D-171C-4563-B204-0A0D148977C7}.Debug|Any CPU.ActiveCfg = Debug|Any CPU
		{859AA49D-171C-4563-B204-0A0D148977C7}.Debug|Any CPU.Build.0 = Debug|Any CPU
		{859AA49D-171C-4563-B204-0A0D148977C7}.Release|Any CPU.ActiveCfg = Release|Any CPU
		{859AA49D-171C-4563-B204-0A0D148977C7}.Release|Any CPU.Build.0 = Release|Any CPU
	EndGlobalSection
	GlobalSection(SolutionProperties) = preSolution
		HideSolutionNode = FALSE
	EndGlobalSection
	GlobalSection(NestedProjects) = preSolution
		{4A1BC87B-428A-4965-A596-64F63C916B7C} = {289E4B6B-5941-4451-B476-D03B25864066}
		{4C722664-C112-4D2A-9558-FFA9CDE0456D} = {4A1BC87B-428A-4965-A596-64F63C916B7C}
		{2412EE18-2630-4A0A-A3AE-A1E5DBBC84A2} = {4A1BC87B-428A-4965-A596-64F63C916B7C}
		{E5FA2837-5522-4978-B8F6-6E8A6B65F104} = {289E4B6B-5941-4451-B476-D03B25864066}
		{78DD786D-EDB7-4291-AD4C-708B197F1979} = {E5FA2837-5522-4978-B8F6-6E8A6B65F104}
		{55769E59-6BD1-454D-B319-9976698A2916} = {E5FA2837-5522-4978-B8F6-6E8A6B65F104}
		{96B52B1E-DE13-4744-8FB8-33A6BE74A0D0} = {4C722664-C112-4D2A-9558-FFA9CDE0456D}
		{48482EC4-1DEB-47BC-9731-7AB57FD034B2} = {2412EE18-2630-4A0A-A3AE-A1E5DBBC84A2}
		{859AA49D-171C-4563-B204-0A0D148977C7} = {1C69F38E-9929-4615-B023-74F33EC1679B}
	EndGlobalSection
	GlobalSection(ExtensibilityGlobals) = postSolution
		SolutionGuid = {E1E3B2F6-4857-4063-80F2-7CCD805D9B84}
	EndGlobalSection
EndGlobal
